
Microsoft Visual Studio Solution File, Format Version 12.00
# Visual Studio Version 16
VisualStudioVersion = 16.0.28822.285
MinimumVisualStudioVersion = 10.0.40219.1
Project("{FAE04EC0-301F-11D3-BF4B-00C04F79EFBC}") = "MVC5FullCalandarPlugin", "MVC5FullCalandarPlugin\MVC5FullCalandarPlugin.csproj", "{7AE1C8C0-7D0B-45D4-BE09-7B6B693132BE}"
EndProject
Project("{FAE04EC0-301F-11D3-BF4B-00C04F79EFBC}") = "MVC5FullCalandarPluginTests", "MVC5FullCalandarPluginTests\MVC5FullCalandarPluginTests.csproj", "{29752CE2-0D36-4EAB-8ADA-6388899AAB77}"
EndProject
Global
	GlobalSection(SolutionConfigurationPlatforms) = preSolution
		Debug|Any CPU = Debug|Any CPU
		Release|Any CPU = Release|Any CPU
	EndGlobalSection
	GlobalSection(ProjectConfigurationPlatforms) = postSolution
		{7AE1C8C0-7D0B-45D4-BE09-7B6B693132BE}.Debug|Any CPU.ActiveCfg = Debug|Any CPU
		{7AE1C8C0-7D0B-45D4-BE09-7B6B693132BE}.Debug|Any CPU.Build.0 = Debug|Any CPU
		{7AE1C8C0-7D0B-45D4-BE09-7B6B693132BE}.Release|Any CPU.ActiveCfg = Release|Any CPU
		{7AE1C8C0-7D0B-45D4-BE09-7B6B693132BE}.Release|Any CPU.Build.0 = Release|Any CPU
		{29752CE2-0D36-4EAB-8ADA-6388899AAB77}.Debug|Any CPU.ActiveCfg = Debug|Any CPU
		{29752CE2-0D36-4EAB-8ADA-6388899AAB77}.Debug|Any CPU.Build.0 = Debug|Any CPU
		{29752CE2-0D36-4EAB-8ADA-6388899AAB77}.Release|Any CPU.ActiveCfg = Release|Any CPU
		{29752CE2-0D36-4EAB-8ADA-6388899AAB77}.Release|Any CPU.Build.0 = Release|Any CPU
	EndGlobalSection
	GlobalSection(SolutionProperties) = preSolution
		HideSolutionNode = FALSE
	EndGlobalSection
	GlobalSection(ExtensibilityGlobals) = postSolution
		SolutionGuid = {5BFBF5E0-F860-45C2-AB29-EDB9CEEF02D8}
	EndGlobalSection
EndGlobal
